{
  "version": 4,
  "terraform_version": "1.9.5",
  "serial": 2,
  "lineage": "088e8f4b-af86-537f-1ab3-2ba9f202bfe8",
  "outputs": {
    "vpc_id": {
      "value": "vpc-07b14956f3749c0ac",
      "type": "string"
    }
  },
  "resources": [
    {
      "mode": "managed",
      "type": "aws_vpc",
      "name": "TerraformVPC",
      "provider": "provider[\"registry.terraform.io/hashicorp/aws\"]",
      "instances": [
        {
          "schema_version": 1,
          "attributes": {
            "arn": "arn:aws:ec2:us-east-1:637423552528:vpc/vpc-07b14956f3749c0ac",
            "assign_generated_ipv6_cidr_block": false,
            "cidr_block": "18.0.0.0/16",
            "default_network_acl_id": "acl-0221b6284fac454a7",
            "default_route_table_id": "rtb-0b5752ca80d5006be",
            "default_security_group_id": "sg-0ba5fcf8b6124c813",
            "dhcp_options_id": "dopt-050e39dd8a2612167",
            "enable_dns_hostnames": false,
            "enable_dns_support": true,
            "enable_network_address_usage_metrics": false,
            "id": "vpc-07b14956f3749c0ac",
            "instance_tenancy": "default",
            "ipv4_ipam_pool_id": null,
            "ipv4_netmask_length": null,
            "ipv6_association_id": "",
            "ipv6_cidr_block": "",
            "ipv6_cidr_block_network_border_group": "",
            "ipv6_ipam_pool_id": "",
            "ipv6_netmask_length": 0,
            "main_route_table_id": "rtb-0b5752ca80d5006be",
            "owner_id": "637423552528",
            "tags": {
              "Name": "TerraformVPC"
            },
            "tags_all": {
              "Name": "TerraformVPC"
            }
          },
          "sensitive_attributes": [],
          "private": "eyJzY2hlbWFfdmVyc2lvbiI6IjEifQ=="
        }
      ]
    }
  ],
  "check_results": null
}
